
Microsoft Visual Studio Solution File, Format Version 12.00
# Visual Studio 15
VisualStudioVersion = 15.0.26124.0
MinimumVisualStudioVersion = 15.0.26124.0
Project("{FAE04EC0-301F-11D3-BF4B-00C04F79EFBC}") = "API", "API\API.csproj", "{7117F72E-BB3F-43AE-8006-7516D0440123}"
EndProject
Project("{FAE04EC0-301F-11D3-BF4B-00C04F79EFBC}") = "Infrastructure", "Infrastructure\Infrastructure.csproj", "{18A507CD-3396-4F42-9C71-0D6E842A01E9}"
EndProject
Project("{FAE04EC0-301F-11D3-BF4B-00C04F79EFBC}") = "Core", "Core\Core.csproj", "{C3E6F801-40A5-4C78-97AB-3B83B2B1DA38}"
EndProject
Global
	GlobalSection(SolutionConfigurationPlatforms) = preSolution
		Debug|Any CPU = Debug|Any CPU
		Debug|x64 = Debug|x64
		Debug|x86 = Debug|x86
		Release|Any CPU = Release|Any CPU
		Release|x64 = Release|x64
		Release|x86 = Release|x86
	EndGlobalSection
	GlobalSection(SolutionProperties) = preSolution
		HideSolutionNode = FALSE
	EndGlobalSection
	GlobalSection(ProjectConfigurationPlatforms) = postSolution
		{7117F72E-BB3F-43AE-8006-7516D0440123}.Debug|Any CPU.ActiveCfg = Debug|Any CPU
		{7117F72E-BB3F-43AE-8006-7516D0440123}.Debug|Any CPU.Build.0 = Debug|Any CPU
		{7117F72E-BB3F-43AE-8006-7516D0440123}.Debug|x64.ActiveCfg = Debug|Any CPU
		{7117F72E-BB3F-43AE-8006-7516D0440123}.Debug|x64.Build.0 = Debug|Any CPU
		{7117F72E-BB3F-43AE-8006-7516D0440123}.Debug|x86.ActiveCfg = Debug|Any CPU
		{7117F72E-BB3F-43AE-8006-7516D0440123}.Debug|x86.Build.0 = Debug|Any CPU
		{7117F72E-BB3F-43AE-8006-7516D0440123}.Release|Any CPU.ActiveCfg = Release|Any CPU
		{7117F72E-BB3F-43AE-8006-7516D0440123}.Release|Any CPU.Build.0 = Release|Any CPU
		{7117F72E-BB3F-43AE-8006-7516D0440123}.Release|x64.ActiveCfg = Release|Any CPU
		{7117F72E-BB3F-43AE-8006-7516D0440123}.Release|x64.Build.0 = Release|Any CPU
		{7117F72E-BB3F-43AE-8006-7516D0440123}.Release|x86.ActiveCfg = Release|Any CPU
		{7117F72E-BB3F-43AE-8006-7516D0440123}.Release|x86.Build.0 = Release|Any CPU
		{18A507CD-3396-4F42-9C71-0D6E842A01E9}.Debug|Any CPU.ActiveCfg = Debug|Any CPU
		{18A507CD-3396-4F42-9C71-0D6E842A01E9}.Debug|Any CPU.Build.0 = Debug|Any CPU
		{18A507CD-3396-4F42-9C71-0D6E842A01E9}.Debug|x64.ActiveCfg = Debug|Any CPU
		{18A507CD-3396-4F42-9C71-0D6E842A01E9}.Debug|x64.Build.0 = Debug|Any CPU
		{18A507CD-3396-4F42-9C71-0D6E842A01E9}.Debug|x86.ActiveCfg = Debug|Any CPU
		{18A507CD-3396-4F42-9C71-0D6E842A01E9}.Debug|x86.Build.0 = Debug|Any CPU
		{18A507CD-3396-4F42-9C71-0D6E842A01E9}.Release|Any CPU.ActiveCfg = Release|Any CPU
		{18A507CD-3396-4F42-9C71-0D6E842A01E9}.Release|Any CPU.Build.0 = Release|Any CPU
		{18A507CD-3396-4F42-9C71-0D6E842A01E9}.Release|x64.ActiveCfg = Release|Any CPU
		{18A507CD-3396-4F42-9C71-0D6E842A01E9}.Release|x64.Build.0 = Release|Any CPU
		{18A507CD-3396-4F42-9C71-0D6E842A01E9}.Release|x86.ActiveCfg = Release|Any CPU
		{18A507CD-3396-4F42-9C71-0D6E842A01E9}.Release|x86.Build.0 = Release|Any CPU
		{C3E6F801-40A5-4C78-97AB-3B83B2B1DA38}.Debug|Any CPU.ActiveCfg = Debug|Any CPU
		{C3E6F801-40A5-4C78-97AB-3B83B2B1DA38}.Debug|Any CPU.Build.0 = Debug|Any CPU
		{C3E6F801-40A5-4C78-97AB-3B83B2B1DA38}.Debug|x64.ActiveCfg = Debug|Any CPU
		{C3E6F801-40A5-4C78-97AB-3B83B2B1DA38}.Debug|x64.Build.0 = Debug|Any CPU
		{C3E6F801-40A5-4C78-97AB-3B83B2B1DA38}.Debug|x86.ActiveCfg = Debug|Any CPU
		{C3E6F801-40A5-4C78-97AB-3B83B2B1DA38}.Debug|x86.Build.0 = Debug|Any CPU
		{C3E6F801-40A5-4C78-97AB-3B83B2B1DA38}.Release|Any CPU.ActiveCfg = Release|Any CPU
		{C3E6F801-40A5-4C78-97AB-3B83B2B1DA38}.Release|Any CPU.Build.0 = Release|Any CPU
		{C3E6F801-40A5-4C78-97AB-3B83B2B1DA38}.Release|x64.ActiveCfg = Release|Any CPU
		{C3E6F801-40A5-4C78-97AB-3B83B2B1DA38}.Release|x64.Build.0 = Release|Any CPU
		{C3E6F801-40A5-4C78-97AB-3B83B2B1DA38}.Release|x86.ActiveCfg = Release|Any CPU
		{C3E6F801-40A5-4C78-97AB-3B83B2B1DA38}.Release|x86.Build.0 = Release|Any CPU
	EndGlobalSection
EndGlobal
